
Microsoft Visual Studio Solution File, Format Version 12.00
# Visual Studio 14
VisualStudioVersion = 14.0.25420.1
MinimumVisualStudioVersion = 10.0.40219.1
Project("{FAE04EC0-301F-11D3-BF4B-00C04F79EFBC}") = "testing", "testing\testing.csproj", "{AD08818F-D7EA-41D9-9686-C2E04223B453}"
EndProject
Project("{FAE04EC0-301F-11D3-BF4B-00C04F79EFBC}") = "EchoActorLib", "EchoActorLib\EchoActorLib.csproj", "{6C0AE81D-61EB-4B4A-9CE0-24FF91E99203}"
EndProject
Project("{FAE04EC0-301F-11D3-BF4B-00C04F79EFBC}") = "DeployTarget", "DeployTarget\DeployTarget.csproj", "{9DC960CE-613B-4781-890F-E65A3F28B2AD}"
	ProjectSection(ProjectDependencies) = postProject
		{6C0AE81D-61EB-4B4A-9CE0-24FF91E99203} = {6C0AE81D-61EB-4B4A-9CE0-24FF91E99203}
	EndProjectSection
EndProject
Project("{FAE04EC0-301F-11D3-BF4B-00C04F79EFBC}") = "Deployer", "Deployer\Deployer.csproj", "{DDF850DF-3301-4F21-AC92-171ED3CD5635}"
	ProjectSection(ProjectDependencies) = postProject
		{6C0AE81D-61EB-4B4A-9CE0-24FF91E99203} = {6C0AE81D-61EB-4B4A-9CE0-24FF91E99203}
	EndProjectSection
EndProject
Global
	GlobalSection(SolutionConfigurationPlatforms) = preSolution
		Debug|Any CPU = Debug|Any CPU
		Release|Any CPU = Release|Any CPU
	EndGlobalSection
	GlobalSection(ProjectConfigurationPlatforms) = postSolution
		{AD08818F-D7EA-41D9-9686-C2E04223B453}.Debug|Any CPU.ActiveCfg = Debug|Any CPU
		{AD08818F-D7EA-41D9-9686-C2E04223B453}.Debug|Any CPU.Build.0 = Debug|Any CPU
		{AD08818F-D7EA-41D9-9686-C2E04223B453}.Release|Any CPU.ActiveCfg = Release|Any CPU
		{AD08818F-D7EA-41D9-9686-C2E04223B453}.Release|Any CPU.Build.0 = Release|Any CPU
		{6C0AE81D-61EB-4B4A-9CE0-24FF91E99203}.Debug|Any CPU.ActiveCfg = Debug|Any CPU
		{6C0AE81D-61EB-4B4A-9CE0-24FF91E99203}.Debug|Any CPU.Build.0 = Debug|Any CPU
		{6C0AE81D-61EB-4B4A-9CE0-24FF91E99203}.Release|Any CPU.ActiveCfg = Release|Any CPU
		{6C0AE81D-61EB-4B4A-9CE0-24FF91E99203}.Release|Any CPU.Build.0 = Release|Any CPU
		{9DC960CE-613B-4781-890F-E65A3F28B2AD}.Debug|Any CPU.ActiveCfg = Debug|Any CPU
		{9DC960CE-613B-4781-890F-E65A3F28B2AD}.Debug|Any CPU.Build.0 = Debug|Any CPU
		{9DC960CE-613B-4781-890F-E65A3F28B2AD}.Release|Any CPU.ActiveCfg = Release|Any CPU
		{9DC960CE-613B-4781-890F-E65A3F28B2AD}.Release|Any CPU.Build.0 = Release|Any CPU
		{DDF850DF-3301-4F21-AC92-171ED3CD5635}.Debug|Any CPU.ActiveCfg = Debug|Any CPU
		{DDF850DF-3301-4F21-AC92-171ED3CD5635}.Debug|Any CPU.Build.0 = Debug|Any CPU
		{DDF850DF-3301-4F21-AC92-171ED3CD5635}.Release|Any CPU.ActiveCfg = Release|Any CPU
		{DDF850DF-3301-4F21-AC92-171ED3CD5635}.Release|Any CPU.Build.0 = Release|Any CPU
	EndGlobalSection
	GlobalSection(SolutionProperties) = preSolution
		HideSolutionNode = FALSE
	EndGlobalSection
EndGlobal
